Microsoft Visual Studio Solution File, Format Version 12.00
# Visual Studio Version 16
VisualStudioVersion = 16.0.32126.315
MinimumVisualStudioVersion = 10.0.40219.1
Project("{FAE04EC0-301F-11D3-BF4B-00C04F79EFBC}") = "IO.Swagger", "src\IO.Swagger\IO.Swagger.csproj", "{9B069F78-DE51-4A31-B489-D5A560AF1D8F}"
EndProject
Project("{FAE04EC0-301F-11D3-BF4B-00C04F79EFBC}") = "IO.Swagger.Test", "src\IO.Swagger.Test\IO.Swagger.Test.csproj", "{19F1DEBC-DE5E-4517-8062-F000CD499087}"
EndProject
Project("{FAE04EC0-301F-11D3-BF4B-00C04F79EFBC}") = "ClienteWPF", "WpfApp1\ClienteWPF.csproj", "{878C863A-9694-4F76-B424-A2B0F75BF3A7}"
EndProject
Global
	GlobalSection(SolutionConfigurationPlatforms) = preSolution
		Debug|Any CPU = Debug|Any CPU
		Release|Any CPU = Release|Any CPU
	EndGlobalSection
	GlobalSection(ProjectConfigurationPlatforms) = postSolution
		{9B069F78-DE51-4A31-B489-D5A560AF1D8F}.Debug|Any CPU.ActiveCfg = Debug|Any CPU
		{9B069F78-DE51-4A31-B489-D5A560AF1D8F}.Debug|Any CPU.Build.0 = Debug|Any CPU
		{9B069F78-DE51-4A31-B489-D5A560AF1D8F}.Release|Any CPU.ActiveCfg = Release|Any CPU
		{9B069F78-DE51-4A31-B489-D5A560AF1D8F}.Release|Any CPU.Build.0 = Release|Any CPU
		{19F1DEBC-DE5E-4517-8062-F000CD499087}.Debug|Any CPU.ActiveCfg = Debug|Any CPU
		{19F1DEBC-DE5E-4517-8062-F000CD499087}.Debug|Any CPU.Build.0 = Debug|Any CPU
		{19F1DEBC-DE5E-4517-8062-F000CD499087}.Release|Any CPU.ActiveCfg = Release|Any CPU
		{19F1DEBC-DE5E-4517-8062-F000CD499087}.Release|Any CPU.Build.0 = Release|Any CPU
		{878C863A-9694-4F76-B424-A2B0F75BF3A7}.Debug|Any CPU.ActiveCfg = Debug|Any CPU
		{878C863A-9694-4F76-B424-A2B0F75BF3A7}.Debug|Any CPU.Build.0 = Debug|Any CPU
		{878C863A-9694-4F76-B424-A2B0F75BF3A7}.Release|Any CPU.ActiveCfg = Release|Any CPU
		{878C863A-9694-4F76-B424-A2B0F75BF3A7}.Release|Any CPU.Build.0 = Release|Any CPU
	EndGlobalSection
	GlobalSection(SolutionProperties) = preSolution
		HideSolutionNode = FALSE
	EndGlobalSection
	GlobalSection(ExtensibilityGlobals) = postSolution
		SolutionGuid = {C54454DC-40EF-40AF-A295-B8673507D5C1}
	EndGlobalSection
EndGlobal
