
Microsoft Visual Studio Solution File, Format Version 12.00
# Visual Studio Version 16
VisualStudioVersion = 16.0.32126.315
MinimumVisualStudioVersion = 10.0.40219.1
Project("{9A19103F-16F7-4668-BE54-9A1E7A4F7556}") = "IO.Swagger", "src\IO.Swagger\IO.Swagger.csproj", "{83F9BA42-02BB-410D-A52B-70E6F0C367A6}"
EndProject
Global
	GlobalSection(SolutionConfigurationPlatforms) = preSolution
		Debug|Any CPU = Debug|Any CPU
		Release|Any CPU = Release|Any CPU
	EndGlobalSection
	GlobalSection(ProjectConfigurationPlatforms) = postSolution
		{83F9BA42-02BB-410D-A52B-70E6F0C367A6}.Debug|Any CPU.ActiveCfg = Debug|Any CPU
		{83F9BA42-02BB-410D-A52B-70E6F0C367A6}.Debug|Any CPU.Build.0 = Debug|Any CPU
		{83F9BA42-02BB-410D-A52B-70E6F0C367A6}.Release|Any CPU.ActiveCfg = Release|Any CPU
		{83F9BA42-02BB-410D-A52B-70E6F0C367A6}.Release|Any CPU.Build.0 = Release|Any CPU
	EndGlobalSection
	GlobalSection(SolutionProperties) = preSolution
		HideSolutionNode = FALSE
	EndGlobalSection
	GlobalSection(ExtensibilityGlobals) = postSolution
		SolutionGuid = {1B226874-3471-4F74-A1A9-559E58A3E912}
	EndGlobalSection
EndGlobal
